
Microsoft Visual Studio Solution File, Format Version 12.00
# Visual Studio Version 16
VisualStudioVersion = 16.0.31005.135
MinimumVisualStudioVersion = 10.0.40219.1
Project("{FAE04EC0-301F-11D3-BF4B-00C04F79EFBC}") = "yongsuTest", "yongsuTest\yongsuTest.csproj", "{9FF15A56-8ECC-48DA-B439-5DE8933D9EF9}"
EndProject
Global
	GlobalSection(SolutionConfigurationPlatforms) = preSolution
		Debug|Any CPU = Debug|Any CPU
		Release|Any CPU = Release|Any CPU
	EndGlobalSection
	GlobalSection(ProjectConfigurationPlatforms) = postSolution
		{9FF15A56-8ECC-48DA-B439-5DE8933D9EF9}.Debug|Any CPU.ActiveCfg = Debug|Any CPU
		{9FF15A56-8ECC-48DA-B439-5DE8933D9EF9}.Debug|Any CPU.Build.0 = Debug|Any CPU
		{9FF15A56-8ECC-48DA-B439-5DE8933D9EF9}.Release|Any CPU.ActiveCfg = Release|Any CPU
		{9FF15A56-8ECC-48DA-B439-5DE8933D9EF9}.Release|Any CPU.Build.0 = Release|Any CPU
	EndGlobalSection
	GlobalSection(SolutionProperties) = preSolution
		HideSolutionNode = FALSE
	EndGlobalSection
	GlobalSection(ExtensibilityGlobals) = postSolution
		SolutionGuid = {3A21BFDA-5FC7-45AD-B69E-AEBA0B055370}
	EndGlobalSection
EndGlobal
